{
  "version": 4,
  "terraform_version": "1.9.0",
  "serial": 508,
  "lineage": "d96d4d2a-9bbd-3ca6-d749-69cbdfd32a07",
  "outputs": {
    "api_endpoint": {
      "value": "https://ymi3sm4amd.execute-api.us-west-2.amazonaws.com/v1",
      "type": "string"
    }
  },
  "resources": [
    {
      "mode": "data",
      "type": "archive_file",
      "name": "add",
      "provider": "provider[\"registry.terraform.io/hashicorp/archive\"]",
      "instances": [
        {
          "schema_version": 0,
          "attributes": {
            "exclude_symlink_directories": null,
            "excludes": null,
            "id": "353ba60c17b1f3b3415083a6eac2977226c4f7c8",
            "output_base64sha256": "vnOw8Bl1FLJ23Xw6opVaU2+Sy96ZhWmLcnKgr/SSFHo=",
            "output_base64sha512": "BKc5E5MkuOOvhGTj5AembTmvheFnYw0nKmuTLjnW6/r0GVFD/QIU/7jeQ+KTx2lfgJEvQ5r35p/FrtgI4dO8oQ==",
            "output_file_mode": null,
            "output_md5": "fb2b04bd9393786c7d5549860bb924e8",
            "output_path": "lambda_function_add.zip",
            "output_sha": "353ba60c17b1f3b3415083a6eac2977226c4f7c8",
            "output_sha256": "be73b0f0197514b276dd7c3aa2955a536f92cbde9985698b7272a0aff492147a",
            "output_sha512": "04a739139324b8e3af8464e3e407a66d39af85e167630d272a6b932e39d6ebfaf4195143fd0214ffb8de43e293c7695f80912f439af7e69fc5aed808e1d3bca1",
            "output_size": 428,
            "source": [],
            "source_content": null,
            "source_content_filename": null,
            "source_dir": null,
            "source_file": "add.py",
            "type": "zip"
          },
          "sensitive_attributes": []
        }
      ]
    },
    {
      "mode": "data",
      "type": "archive_file",
      "name": "delete",
      "provider": "provider[\"registry.terraform.io/hashicorp/archive\"]",
      "instances": [
        {
          "schema_version": 0,
          "attributes": {
            "exclude_symlink_directories": null,
            "excludes": null,
            "id": "e2251199e2ca1e639fcc2134e85f550973be6123",
            "output_base64sha256": "yAZIByz0XjtgQPccom02GxUA9cOgtx2exKrO5tMvl1M=",
            "output_base64sha512": "EKfiQYpihVeCNm0KW+7Lxb7nqHusWv8GkTJp7sy0aEZ88Nx5yGU56ElXoHPiVwfqIvhgmH9a4i3Qz15WPGwzYg==",
            "output_file_mode": null,
            "output_md5": "556eff032eb115be3ea57f123d0de3e1",
            "output_path": "lambda_function_delete.zip",
            "output_sha": "e2251199e2ca1e639fcc2134e85f550973be6123",
            "output_sha256": "c80648072cf45e3b6040f71ca26d361b1500f5c3a0b71d9ec4aacee6d32f9753",
            "output_sha512": "10a7e2418a62855782366d0a5beecbc5bee7a87bac5aff06913269eeccb468467cf0dc79c86539e84957a073e25707ea22f860987f5ae22dd0cf5e563c6c3362",
            "output_size": 492,
            "source": [],
            "source_content": null,
            "source_content_filename": null,
            "source_dir": null,
            "source_file": "delete.py",
            "type": "zip"
          },
          "sensitive_attributes": []
        }
      ]
    },
    {
      "mode": "data",
      "type": "archive_file",
      "name": "get",
      "provider": "provider[\"registry.terraform.io/hashicorp/archive\"]",
      "instances": [
        {
          "schema_version": 0,
          "attributes": {
            "exclude_symlink_directories": null,
            "excludes": null,
            "id": "981bb899646a94f1820aa627ca8a686fc3b6b07c",
            "output_base64sha256": "Yg34geNQ75RsEQKfsm1gaSm0B1xwvAqmSgEIZR6EkB8=",
            "output_base64sha512": "ZhpcwJmAa2E2koaN2NL5+V7yep3Hk8KtWQ9QVIPC+vcQpwjjtPt9Se0QMAvjLrlqudeygbJ4iCXtQib42tiyqg==",
            "output_file_mode": null,
            "output_md5": "ab0cc7f2335591e56885b19638303caf",
            "output_path": "lambda_function_get.zip",
            "output_sha": "981bb899646a94f1820aa627ca8a686fc3b6b07c",
            "output_sha256": "620df881e350ef946c11029fb26d606929b4075c70bc0aa64a0108651e84901f",
            "output_sha512": "661a5cc099806b613692868dd8d2f9f95ef27a9dc793c2ad590f505483c2faf710a708e3b4fb7d49ed10300be32eb96ab9d7b281b2788825ed4226f8dad8b2aa",
            "output_size": 461,
            "source": [],
            "source_content": null,
            "source_content_filename": null,
            "source_dir": null,
            "source_file": "get.py",
            "type": "zip"
          },
          "sensitive_attributes": []
        }
      ]
    },
    {
      "mode": "data",
      "type": "archive_file",
      "name": "update",
      "provider": "provider[\"registry.terraform.io/hashicorp/archive\"]",
      "instances": [
        {
          "schema_version": 0,
          "attributes": {
            "exclude_symlink_directories": null,
            "excludes": null,
            "id": "7d04fadf2e1ef92c0ea27e0b6d6b3937fccda5ce",
            "output_base64sha256": "IOVNRVPrt318azVHT3EIDUzra06pWhw/UUIuG2RNqA8=",
            "output_base64sha512": "bWvoZg2BVyO0M1sq8NmLI12VR6FTnDpnNKW+nbSG5w2Io23TpBKXRg0Nt5ZfCX9TEvH+wC6HByXLLwOGB97mMA==",
            "output_file_mode": null,
            "output_md5": "d36302077379bceea77598ea5bd12126",
            "output_path": "lambda_function_update.zip",
            "output_sha": "7d04fadf2e1ef92c0ea27e0b6d6b3937fccda5ce",
            "output_sha256": "20e54d4553ebb77d7c6b35474f71080d4ceb6b4ea95a1c3f51422e1b644da80f",
            "output_sha512": "6d6be8660d815723b4335b2af0d98b235d9547a1539c3a6734a5be9db486e70d88a36dd3a41297460d0db7965f097f5312f1fec02e870725cb2f038607dee630",
            "output_size": 432,
            "source": [],
            "source_content": null,
            "source_content_filename": null,
            "source_dir": null,
            "source_file": "update.py",
            "type": "zip"
          },
          "sensitive_attributes": []
        }
      ]
    },
    {
      "mode": "data",
      "type": "aws_iam_policy_document",
      "name": "assume_role",
      "provider": "provider[\"registry.terraform.io/hashicorp/aws\"]",
      "instances": [
        {
          "schema_version": 0,
          "attributes": {
            "id": "2690255455",
            "json": "{\n  \"Version\": \"2012-10-17\",\n  \"Statement\": [\n    {\n      \"Effect\": \"Allow\",\n      \"Action\": \"sts:AssumeRole\",\n      \"Principal\": {\n        \"Service\": \"lambda.amazonaws.com\"\n      }\n    }\n  ]\n}",
            "minified_json": "{\"Version\":\"2012-10-17\",\"Statement\":[{\"Effect\":\"Allow\",\"Action\":\"sts:AssumeRole\",\"Principal\":{\"Service\":\"lambda.amazonaws.com\"}}]}",
            "override_json": null,
            "override_policy_documents": null,
            "policy_id": null,
            "source_json": null,
            "source_policy_documents": null,
            "statement": [
              {
                "actions": [
                  "sts:AssumeRole"
                ],
                "condition": [],
                "effect": "Allow",
                "not_actions": [],
                "not_principals": [],
                "not_resources": [],
                "principals": [
                  {
                    "identifiers": [
                      "lambda.amazonaws.com"
                    ],
                    "type": "Service"
                  }
                ],
                "resources": [],
                "sid": ""
              }
            ],
            "version": "2012-10-17"
          },
          "sensitive_attributes": []
        }
      ]
    },
    {
      "mode": "managed",
      "type": "aws_api_gateway_deployment",
      "name": "userAPI_deploy",
      "provider": "provider[\"registry.terraform.io/hashicorp/aws\"]",
      "instances": [
        {
          "schema_version": 0,
          "attributes": {
            "canary_settings": [],
            "created_date": "2024-08-13T04:30:11Z",
            "description": "",
            "execution_arn": "arn:aws:execute-api:us-west-2:992382387916:ymi3sm4amd/v1",
            "id": "bj34xk",
            "invoke_url": "https://ymi3sm4amd.execute-api.us-west-2.amazonaws.com/v1",
            "rest_api_id": "ymi3sm4amd",
            "stage_description": null,
            "stage_name": "v1",
            "triggers": null,
            "variables": null
          },
          "sensitive_attributes": [],
          "private": "bnVsbA==",
          "dependencies": [
            "aws_api_gateway_integration.add_integration",
            "aws_api_gateway_integration.delete_integration",
            "aws_api_gateway_integration.get_integration",
            "aws_api_gateway_integration.update_integration",
            "aws_api_gateway_method.add_user",
            "aws_api_gateway_method.delete_user",
            "aws_api_gateway_method.get_user",
            "aws_api_gateway_method.update_user",
            "aws_api_gateway_resource.add",
            "aws_api_gateway_resource.delete",
            "aws_api_gateway_resource.update",
            "aws_api_gateway_resource.users",
            "aws_api_gateway_rest_api.userapi",
            "aws_iam_role.iam_for_lambda",
            "aws_lambda_function.add",
            "aws_lambda_function.delete",
            "aws_lambda_function.get",
            "aws_lambda_function.update",
            "data.archive_file.add",
            "data.archive_file.delete",
            "data.archive_file.get",
            "data.archive_file.update",
            "data.aws_iam_policy_document.assume_role"
          ]
        }
      ]
    },
    {
      "mode": "managed",
      "type": "aws_api_gateway_integration",
      "name": "add_integration",
      "provider": "provider[\"registry.terraform.io/hashicorp/aws\"]",
      "instances": [
        {
          "schema_version": 0,
          "attributes": {
            "cache_key_parameters": null,
            "cache_namespace": "38ft2d",
            "connection_id": "",
            "connection_type": "INTERNET",
            "content_handling": "",
            "credentials": "",
            "http_method": "GET",
            "id": "agi-ymi3sm4amd-38ft2d-GET",
            "integration_http_method": "POST",
            "passthrough_behavior": "WHEN_NO_MATCH",
            "request_parameters": {
              "integration.request.querystring.age": "method.request.querystring.age",
              "integration.request.querystring.name": "method.request.querystring.name",
              "integration.request.querystring.userId": "method.request.querystring.userId"
            },
            "request_templates": null,
            "resource_id": "38ft2d",
            "rest_api_id": "ymi3sm4amd",
            "timeout_milliseconds": 29000,
            "tls_config": [],
            "type": "AWS_PROXY",
            "uri": "arn:aws:apigateway:us-west-2:lambda:path/2015-03-31/functions/arn:aws:lambda:us-west-2:992382387916:function:add/invocations"
          },
          "sensitive_attributes": [],
          "private": "bnVsbA==",
          "dependencies": [
            "aws_api_gateway_method.add_user",
            "aws_api_gateway_resource.add",
            "aws_api_gateway_rest_api.userapi",
            "aws_iam_role.iam_for_lambda",
            "aws_lambda_function.add",
            "data.archive_file.add",
            "data.aws_iam_policy_document.assume_role"
          ]
        }
      ]
    },
    {
      "mode": "managed",
      "type": "aws_api_gateway_integration",
      "name": "delete_integration",
      "provider": "provider[\"registry.terraform.io/hashicorp/aws\"]",
      "instances": [
        {
          "schema_version": 0,
          "attributes": {
            "cache_key_parameters": null,
            "cache_namespace": "yno49p",
            "connection_id": "",
            "connection_type": "INTERNET",
            "content_handling": "",
            "credentials": "",
            "http_method": "GET",
            "id": "agi-ymi3sm4amd-yno49p-GET",
            "integration_http_method": "POST",
            "passthrough_behavior": "WHEN_NO_MATCH",
            "request_parameters": {
              "integration.request.querystring.userId": "method.request.querystring.userId"
            },
            "request_templates": null,
            "resource_id": "yno49p",
            "rest_api_id": "ymi3sm4amd",
            "timeout_milliseconds": 29000,
            "tls_config": [],
            "type": "AWS_PROXY",
            "uri": "arn:aws:apigateway:us-west-2:lambda:path/2015-03-31/functions/arn:aws:lambda:us-west-2:992382387916:function:delete/invocations"
          },
          "sensitive_attributes": [],
          "private": "bnVsbA==",
          "dependencies": [
            "aws_api_gateway_method.delete_user",
            "aws_api_gateway_resource.delete",
            "aws_api_gateway_rest_api.userapi",
            "aws_iam_role.iam_for_lambda",
            "aws_lambda_function.delete",
            "data.archive_file.delete",
            "data.aws_iam_policy_document.assume_role"
          ]
        }
      ]
    },
    {
      "mode": "managed",
      "type": "aws_api_gateway_integration",
      "name": "get_integration",
      "provider": "provider[\"registry.terraform.io/hashicorp/aws\"]",
      "instances": [
        {
          "schema_version": 0,
          "attributes": {
            "cache_key_parameters": null,
            "cache_namespace": "tw0m97",
            "connection_id": "",
            "connection_type": "INTERNET",
            "content_handling": "",
            "credentials": "",
            "http_method": "GET",
            "id": "agi-ymi3sm4amd-tw0m97-GET",
            "integration_http_method": "POST",
            "passthrough_behavior": "WHEN_NO_MATCH",
            "request_parameters": {
              "integration.request.querystring.userId": "method.request.querystring.userId"
            },
            "request_templates": null,
            "resource_id": "tw0m97",
            "rest_api_id": "ymi3sm4amd",
            "timeout_milliseconds": 29000,
            "tls_config": [],
            "type": "AWS_PROXY",
            "uri": "arn:aws:apigateway:us-west-2:lambda:path/2015-03-31/functions/arn:aws:lambda:us-west-2:992382387916:function:get/invocations"
          },
          "sensitive_attributes": [],
          "private": "bnVsbA==",
          "dependencies": [
            "aws_api_gateway_method.get_user",
            "aws_api_gateway_resource.users",
            "aws_api_gateway_rest_api.userapi",
            "aws_iam_role.iam_for_lambda",
            "aws_lambda_function.get",
            "data.archive_file.get",
            "data.aws_iam_policy_document.assume_role"
          ]
        }
      ]
    },
    {
      "mode": "managed",
      "type": "aws_api_gateway_integration",
      "name": "update_integration",
      "provider": "provider[\"registry.terraform.io/hashicorp/aws\"]",
      "instances": [
        {
          "schema_version": 0,
          "attributes": {
            "cache_key_parameters": null,
            "cache_namespace": "zmqq07",
            "connection_id": "",
            "connection_type": "INTERNET",
            "content_handling": "",
            "credentials": "",
            "http_method": "GET",
            "id": "agi-ymi3sm4amd-zmqq07-GET",
            "integration_http_method": "POST",
            "passthrough_behavior": "WHEN_NO_MATCH",
            "request_parameters": {
              "integration.request.querystring.age": "method.request.querystring.age",
              "integration.request.querystring.name": "method.request.querystring.name",
              "integration.request.querystring.userId": "method.request.querystring.userId"
            },
            "request_templates": null,
            "resource_id": "zmqq07",
            "rest_api_id": "ymi3sm4amd",
            "timeout_milliseconds": 29000,
            "tls_config": [],
            "type": "AWS_PROXY",
            "uri": "arn:aws:apigateway:us-west-2:lambda:path/2015-03-31/functions/arn:aws:lambda:us-west-2:992382387916:function:update/invocations"
          },
          "sensitive_attributes": [],
          "private": "bnVsbA==",
          "dependencies": [
            "aws_api_gateway_method.update_user",
            "aws_api_gateway_resource.update",
            "aws_api_gateway_rest_api.userapi",
            "aws_iam_role.iam_for_lambda",
            "aws_lambda_function.update",
            "data.archive_file.update",
            "data.aws_iam_policy_document.assume_role"
          ]
        }
      ]
    },
    {
      "mode": "managed",
      "type": "aws_api_gateway_method",
      "name": "add_user",
      "provider": "provider[\"registry.terraform.io/hashicorp/aws\"]",
      "instances": [
        {
          "schema_version": 0,
          "attributes": {
            "api_key_required": false,
            "authorization": "NONE",
            "authorization_scopes": null,
            "authorizer_id": null,
            "http_method": "GET",
            "id": "agm-ymi3sm4amd-38ft2d-GET",
            "operation_name": null,
            "request_models": null,
            "request_parameters": {
              "method.request.querystring.age": true,
              "method.request.querystring.name": true,
              "method.request.querystring.userId": true
            },
            "request_validator_id": null,
            "resource_id": "38ft2d",
            "rest_api_id": "ymi3sm4amd"
          },
          "sensitive_attributes": [],
          "private": "bnVsbA==",
          "dependencies": [
            "aws_api_gateway_resource.add",
            "aws_api_gateway_rest_api.userapi"
          ]
        }
      ]
    },
    {
      "mode": "managed",
      "type": "aws_api_gateway_method",
      "name": "delete_user",
      "provider": "provider[\"registry.terraform.io/hashicorp/aws\"]",
      "instances": [
        {
          "schema_version": 0,
          "attributes": {
            "api_key_required": false,
            "authorization": "NONE",
            "authorization_scopes": null,
            "authorizer_id": null,
            "http_method": "GET",
            "id": "agm-ymi3sm4amd-yno49p-GET",
            "operation_name": null,
            "request_models": null,
            "request_parameters": {
              "method.request.querystring.userId": true
            },
            "request_validator_id": null,
            "resource_id": "yno49p",
            "rest_api_id": "ymi3sm4amd"
          },
          "sensitive_attributes": [],
          "private": "bnVsbA==",
          "dependencies": [
            "aws_api_gateway_resource.delete",
            "aws_api_gateway_rest_api.userapi"
          ]
        }
      ]
    },
    {
      "mode": "managed",
      "type": "aws_api_gateway_method",
      "name": "get_user",
      "provider": "provider[\"registry.terraform.io/hashicorp/aws\"]",
      "instances": [
        {
          "schema_version": 0,
          "attributes": {
            "api_key_required": false,
            "authorization": "NONE",
            "authorization_scopes": null,
            "authorizer_id": null,
            "http_method": "GET",
            "id": "agm-ymi3sm4amd-tw0m97-GET",
            "operation_name": null,
            "request_models": null,
            "request_parameters": {
              "method.request.querystring.userId": true
            },
            "request_validator_id": null,
            "resource_id": "tw0m97",
            "rest_api_id": "ymi3sm4amd"
          },
          "sensitive_attributes": [],
          "private": "bnVsbA==",
          "dependencies": [
            "aws_api_gateway_resource.users",
            "aws_api_gateway_rest_api.userapi"
          ]
        }
      ]
    },
    {
      "mode": "managed",
      "type": "aws_api_gateway_method",
      "name": "update_user",
      "provider": "provider[\"registry.terraform.io/hashicorp/aws\"]",
      "instances": [
        {
          "schema_version": 0,
          "attributes": {
            "api_key_required": false,
            "authorization": "NONE",
            "authorization_scopes": null,
            "authorizer_id": null,
            "http_method": "GET",
            "id": "agm-ymi3sm4amd-zmqq07-GET",
            "operation_name": null,
            "request_models": null,
            "request_parameters": {
              "method.request.querystring.age": true,
              "method.request.querystring.name": true,
              "method.request.querystring.userId": true
            },
            "request_validator_id": null,
            "resource_id": "zmqq07",
            "rest_api_id": "ymi3sm4amd"
          },
          "sensitive_attributes": [],
          "private": "bnVsbA==",
          "dependencies": [
            "aws_api_gateway_resource.update",
            "aws_api_gateway_rest_api.userapi"
          ]
        }
      ]
    },
    {
      "mode": "managed",
      "type": "aws_api_gateway_resource",
      "name": "add",
      "provider": "provider[\"registry.terraform.io/hashicorp/aws\"]",
      "instances": [
        {
          "schema_version": 0,
          "attributes": {
            "id": "38ft2d",
            "parent_id": "bndg2ek2x8",
            "path": "/add",
            "path_part": "add",
            "rest_api_id": "ymi3sm4amd"
          },
          "sensitive_attributes": [],
          "private": "bnVsbA==",
          "dependencies": [
            "aws_api_gateway_rest_api.userapi"
          ]
        }
      ]
    },
    {
      "mode": "managed",
      "type": "aws_api_gateway_resource",
      "name": "delete",
      "provider": "provider[\"registry.terraform.io/hashicorp/aws\"]",
      "instances": [
        {
          "schema_version": 0,
          "attributes": {
            "id": "yno49p",
            "parent_id": "bndg2ek2x8",
            "path": "/delete",
            "path_part": "delete",
            "rest_api_id": "ymi3sm4amd"
          },
          "sensitive_attributes": [],
          "private": "bnVsbA==",
          "dependencies": [
            "aws_api_gateway_rest_api.userapi"
          ]
        }
      ]
    },
    {
      "mode": "managed",
      "type": "aws_api_gateway_resource",
      "name": "update",
      "provider": "provider[\"registry.terraform.io/hashicorp/aws\"]",
      "instances": [
        {
          "schema_version": 0,
          "attributes": {
            "id": "zmqq07",
            "parent_id": "bndg2ek2x8",
            "path": "/update",
            "path_part": "update",
            "rest_api_id": "ymi3sm4amd"
          },
          "sensitive_attributes": [],
          "private": "bnVsbA==",
          "dependencies": [
            "aws_api_gateway_rest_api.userapi"
          ]
        }
      ]
    },
    {
      "mode": "managed",
      "type": "aws_api_gateway_resource",
      "name": "users",
      "provider": "provider[\"registry.terraform.io/hashicorp/aws\"]",
      "instances": [
        {
          "schema_version": 0,
          "attributes": {
            "id": "tw0m97",
            "parent_id": "bndg2ek2x8",
            "path": "/user",
            "path_part": "user",
            "rest_api_id": "ymi3sm4amd"
          },
          "sensitive_attributes": [],
          "private": "bnVsbA==",
          "dependencies": [
            "aws_api_gateway_rest_api.userapi"
          ]
        }
      ]
    },
    {
      "mode": "managed",
      "type": "aws_api_gateway_rest_api",
      "name": "userapi",
      "provider": "provider[\"registry.terraform.io/hashicorp/aws\"]",
      "instances": [
        {
          "schema_version": 0,
          "attributes": {
            "api_key_source": "HEADER",
            "arn": "arn:aws:apigateway:us-west-2::/restapis/ymi3sm4amd",
            "binary_media_types": [],
            "body": null,
            "created_date": "2024-08-13T04:29:12Z",
            "description": "",
            "disable_execute_api_endpoint": false,
            "endpoint_configuration": [
              {
                "types": [
                  "EDGE"
                ],
                "vpc_endpoint_ids": []
              }
            ],
            "execution_arn": "arn:aws:execute-api:us-west-2:992382387916:ymi3sm4amd",
            "fail_on_warnings": null,
            "id": "ymi3sm4amd",
            "minimum_compression_size": "",
            "name": "userapi",
            "parameters": null,
            "policy": "",
            "put_rest_api_mode": null,
            "root_resource_id": "bndg2ek2x8",
            "tags": null,
            "tags_all": {}
          },
          "sensitive_attributes": [],
          "private": "bnVsbA=="
        }
      ]
    },
    {
      "mode": "managed",
      "type": "aws_dynamodb_table",
      "name": "users",
      "provider": "provider[\"registry.terraform.io/hashicorp/aws\"]",
      "instances": [
        {
          "schema_version": 1,
          "attributes": {
            "arn": "arn:aws:dynamodb:us-west-2:992382387916:table/users",
            "attribute": [
              {
                "name": "Age",
                "type": "S"
              },
              {
                "name": "Name",
                "type": "S"
              },
              {
                "name": "UserId",
                "type": "S"
              }
            ],
            "billing_mode": "PROVISIONED",
            "deletion_protection_enabled": false,
            "global_secondary_index": [
              {
                "hash_key": "UserId",
                "name": "AgeIndex",
                "non_key_attributes": [
                  "Name"
                ],
                "projection_type": "INCLUDE",
                "range_key": "Age",
                "read_capacity": 10,
                "write_capacity": 10
              }
            ],
            "hash_key": "UserId",
            "id": "users",
            "import_table": [],
            "local_secondary_index": [],
            "name": "users",
            "point_in_time_recovery": [
              {
                "enabled": false
              }
            ],
            "range_key": "Name",
            "read_capacity": 20,
            "replica": [],
            "restore_date_time": null,
            "restore_source_name": null,
            "restore_to_latest_time": null,
            "server_side_encryption": [],
            "stream_arn": "",
            "stream_enabled": false,
            "stream_label": "",
            "stream_view_type": "",
            "table_class": "STANDARD",
            "tags": null,
            "tags_all": {},
            "timeouts": null,
            "ttl": [
              {
                "attribute_name": "",
                "enabled": false
              }
            ],
            "write_capacity": 20
          },
          "sensitive_attributes": [],
          "private": "eyJlMmJmYjczMC1lY2FhLTExZTYtOGY4OC0zNDM2M2JjN2M0YzAiOnsiY3JlYXRlIjoxODAwMDAwMDAwMDAwLCJkZWxldGUiOjYwMDAwMDAwMDAwMCwidXBkYXRlIjozNjAwMDAwMDAwMDAwfSwic2NoZW1hX3ZlcnNpb24iOiIxIn0="
        }
      ]
    },
    {
      "mode": "managed",
      "type": "aws_iam_role",
      "name": "iam_for_lambda",
      "provider": "provider[\"registry.terraform.io/hashicorp/aws\"]",
      "instances": [
        {
          "schema_version": 0,
          "attributes": {
            "arn": "arn:aws:iam::992382387916:role/iam_for_lambda",
            "assume_role_policy": "{\"Statement\":[{\"Action\":\"sts:AssumeRole\",\"Effect\":\"Allow\",\"Principal\":{\"Service\":\"lambda.amazonaws.com\"}}],\"Version\":\"2012-10-17\"}",
            "create_date": "2024-08-13T04:29:12Z",
            "description": "",
            "force_detach_policies": false,
            "id": "iam_for_lambda",
            "inline_policy": [],
            "managed_policy_arns": [],
            "max_session_duration": 3600,
            "name": "iam_for_lambda",
            "name_prefix": "",
            "path": "/",
            "permissions_boundary": "",
            "tags": null,
            "tags_all": {},
            "unique_id": "AROA6ODUZQ3GDBLGVFESW"
          },
          "sensitive_attributes": [],
          "private": "bnVsbA==",
          "dependencies": [
            "data.aws_iam_policy_document.assume_role"
          ]
        }
      ]
    },
    {
      "mode": "managed",
      "type": "aws_iam_role_policy_attachment",
      "name": "dynamodb_full_access",
      "provider": "provider[\"registry.terraform.io/hashicorp/aws\"]",
      "instances": [
        {
          "schema_version": 0,
          "attributes": {
            "id": "iam_for_lambda-20240813042913723600000001",
            "policy_arn": "arn:aws:iam::aws:policy/AmazonDynamoDBFullAccess",
            "role": "iam_for_lambda"
          },
          "sensitive_attributes": [],
          "private": "bnVsbA==",
          "dependencies": [
            "aws_iam_role.iam_for_lambda",
            "data.aws_iam_policy_document.assume_role"
          ]
        }
      ]
    },
    {
      "mode": "managed",
      "type": "aws_lambda_function",
      "name": "add",
      "provider": "provider[\"registry.terraform.io/hashicorp/aws\"]",
      "instances": [
        {
          "schema_version": 0,
          "attributes": {
            "architectures": [
              "x86_64"
            ],
            "arn": "arn:aws:lambda:us-west-2:992382387916:function:add",
            "code_sha256": "vnOw8Bl1FLJ23Xw6opVaU2+Sy96ZhWmLcnKgr/SSFHo=",
            "code_signing_config_arn": "",
            "dead_letter_config": [],
            "description": "",
            "environment": [],
            "ephemeral_storage": [
              {
                "size": 512
              }
            ],
            "file_system_config": [],
            "filename": "lambda_function_add.zip",
            "function_name": "add",
            "handler": "add.lambda_handler",
            "id": "add",
            "image_config": [],
            "image_uri": "",
            "invoke_arn": "arn:aws:apigateway:us-west-2:lambda:path/2015-03-31/functions/arn:aws:lambda:us-west-2:992382387916:function:add/invocations",
            "kms_key_arn": "",
            "last_modified": "2024-08-13T04:29:57.655+0000",
            "layers": [
              "arn:aws:lambda:us-west-2:992382387916:layer:boto3layer:2"
            ],
            "logging_config": [
              {
                "application_log_level": "",
                "log_format": "Text",
                "log_group": "/aws/lambda/add",
                "system_log_level": ""
              }
            ],
            "memory_size": 128,
            "package_type": "Zip",
            "publish": false,
            "qualified_arn": "arn:aws:lambda:us-west-2:992382387916:function:add:$LATEST",
            "qualified_invoke_arn": "arn:aws:apigateway:us-west-2:lambda:path/2015-03-31/functions/arn:aws:lambda:us-west-2:992382387916:function:add:$LATEST/invocations",
            "replace_security_groups_on_destroy": null,
            "replacement_security_group_ids": null,
            "reserved_concurrent_executions": -1,
            "role": "arn:aws:iam::992382387916:role/iam_for_lambda",
            "runtime": "python3.12",
            "s3_bucket": null,
            "s3_key": null,
            "s3_object_version": null,
            "signing_job_arn": "",
            "signing_profile_version_arn": "",
            "skip_destroy": false,
            "snap_start": [],
            "source_code_hash": "vnOw8Bl1FLJ23Xw6opVaU2+Sy96ZhWmLcnKgr/SSFHo=",
            "source_code_size": 428,
            "tags": null,
            "tags_all": {},
            "timeout": 3,
            "timeouts": null,
            "tracing_config": [
              {
                "mode": "PassThrough"
              }
            ],
            "version": "$LATEST",
            "vpc_config": []
          },
          "sensitive_attributes": [],
          "private": "eyJlMmJmYjczMC1lY2FhLTExZTYtOGY4OC0zNDM2M2JjN2M0YzAiOnsiY3JlYXRlIjo2MDAwMDAwMDAwMDAsImRlbGV0ZSI6NjAwMDAwMDAwMDAwLCJ1cGRhdGUiOjYwMDAwMDAwMDAwMH19",
          "dependencies": [
            "aws_iam_role.iam_for_lambda",
            "data.archive_file.add",
            "data.aws_iam_policy_document.assume_role"
          ]
        }
      ]
    },
    {
      "mode": "managed",
      "type": "aws_lambda_function",
      "name": "delete",
      "provider": "provider[\"registry.terraform.io/hashicorp/aws\"]",
      "instances": [
        {
          "schema_version": 0,
          "attributes": {
            "architectures": [
              "x86_64"
            ],
            "arn": "arn:aws:lambda:us-west-2:992382387916:function:delete",
            "code_sha256": "yAZIByz0XjtgQPccom02GxUA9cOgtx2exKrO5tMvl1M=",
            "code_signing_config_arn": "",
            "dead_letter_config": [],
            "description": "",
            "environment": [],
            "ephemeral_storage": [
              {
                "size": 512
              }
            ],
            "file_system_config": [],
            "filename": "lambda_function_delete.zip",
            "function_name": "delete",
            "handler": "delete.lambda_handler",
            "id": "delete",
            "image_config": [],
            "image_uri": "",
            "invoke_arn": "arn:aws:apigateway:us-west-2:lambda:path/2015-03-31/functions/arn:aws:lambda:us-west-2:992382387916:function:delete/invocations",
            "kms_key_arn": "",
            "last_modified": "2024-08-13T04:29:23.633+0000",
            "layers": [
              "arn:aws:lambda:us-west-2:992382387916:layer:boto3layer:2"
            ],
            "logging_config": [
              {
                "application_log_level": "",
                "log_format": "Text",
                "log_group": "/aws/lambda/delete",
                "system_log_level": ""
              }
            ],
            "memory_size": 128,
            "package_type": "Zip",
            "publish": false,
            "qualified_arn": "arn:aws:lambda:us-west-2:992382387916:function:delete:$LATEST",
            "qualified_invoke_arn": "arn:aws:apigateway:us-west-2:lambda:path/2015-03-31/functions/arn:aws:lambda:us-west-2:992382387916:function:delete:$LATEST/invocations",
            "replace_security_groups_on_destroy": null,
            "replacement_security_group_ids": null,
            "reserved_concurrent_executions": -1,
            "role": "arn:aws:iam::992382387916:role/iam_for_lambda",
            "runtime": "python3.12",
            "s3_bucket": null,
            "s3_key": null,
            "s3_object_version": null,
            "signing_job_arn": "",
            "signing_profile_version_arn": "",
            "skip_destroy": false,
            "snap_start": [],
            "source_code_hash": "yAZIByz0XjtgQPccom02GxUA9cOgtx2exKrO5tMvl1M=",
            "source_code_size": 492,
            "tags": null,
            "tags_all": {},
            "timeout": 3,
            "timeouts": null,
            "tracing_config": [
              {
                "mode": "PassThrough"
              }
            ],
            "version": "$LATEST",
            "vpc_config": []
          },
          "sensitive_attributes": [],
          "private": "eyJlMmJmYjczMC1lY2FhLTExZTYtOGY4OC0zNDM2M2JjN2M0YzAiOnsiY3JlYXRlIjo2MDAwMDAwMDAwMDAsImRlbGV0ZSI6NjAwMDAwMDAwMDAwLCJ1cGRhdGUiOjYwMDAwMDAwMDAwMH19",
          "dependencies": [
            "aws_iam_role.iam_for_lambda",
            "data.archive_file.delete",
            "data.aws_iam_policy_document.assume_role"
          ]
        }
      ]
    },
    {
      "mode": "managed",
      "type": "aws_lambda_function",
      "name": "get",
      "provider": "provider[\"registry.terraform.io/hashicorp/aws\"]",
      "instances": [
        {
          "schema_version": 0,
          "attributes": {
            "architectures": [
              "x86_64"
            ],
            "arn": "arn:aws:lambda:us-west-2:992382387916:function:get",
            "code_sha256": "Yg34geNQ75RsEQKfsm1gaSm0B1xwvAqmSgEIZR6EkB8=",
            "code_signing_config_arn": "",
            "dead_letter_config": [],
            "description": "",
            "environment": [],
            "ephemeral_storage": [
              {
                "size": 512
              }
            ],
            "file_system_config": [],
            "filename": "lambda_function_get.zip",
            "function_name": "get",
            "handler": "get.lambda_handler",
            "id": "get",
            "image_config": [],
            "image_uri": "",
            "invoke_arn": "arn:aws:apigateway:us-west-2:lambda:path/2015-03-31/functions/arn:aws:lambda:us-west-2:992382387916:function:get/invocations",
            "kms_key_arn": "",
            "last_modified": "2024-08-13T04:29:32.631+0000",
            "layers": [
              "arn:aws:lambda:us-west-2:992382387916:layer:boto3layer:2"
            ],
            "logging_config": [
              {
                "application_log_level": "",
                "log_format": "Text",
                "log_group": "/aws/lambda/get",
                "system_log_level": ""
              }
            ],
            "memory_size": 128,
            "package_type": "Zip",
            "publish": false,
            "qualified_arn": "arn:aws:lambda:us-west-2:992382387916:function:get:$LATEST",
            "qualified_invoke_arn": "arn:aws:apigateway:us-west-2:lambda:path/2015-03-31/functions/arn:aws:lambda:us-west-2:992382387916:function:get:$LATEST/invocations",
            "replace_security_groups_on_destroy": null,
            "replacement_security_group_ids": null,
            "reserved_concurrent_executions": -1,
            "role": "arn:aws:iam::992382387916:role/iam_for_lambda",
            "runtime": "python3.12",
            "s3_bucket": null,
            "s3_key": null,
            "s3_object_version": null,
            "signing_job_arn": "",
            "signing_profile_version_arn": "",
            "skip_destroy": false,
            "snap_start": [],
            "source_code_hash": "Yg34geNQ75RsEQKfsm1gaSm0B1xwvAqmSgEIZR6EkB8=",
            "source_code_size": 461,
            "tags": null,
            "tags_all": {},
            "timeout": 3,
            "timeouts": null,
            "tracing_config": [
              {
                "mode": "PassThrough"
              }
            ],
            "version": "$LATEST",
            "vpc_config": []
          },
          "sensitive_attributes": [],
          "private": "eyJlMmJmYjczMC1lY2FhLTExZTYtOGY4OC0zNDM2M2JjN2M0YzAiOnsiY3JlYXRlIjo2MDAwMDAwMDAwMDAsImRlbGV0ZSI6NjAwMDAwMDAwMDAwLCJ1cGRhdGUiOjYwMDAwMDAwMDAwMH19",
          "dependencies": [
            "aws_iam_role.iam_for_lambda",
            "data.archive_file.get",
            "data.aws_iam_policy_document.assume_role"
          ]
        }
      ]
    },
    {
      "mode": "managed",
      "type": "aws_lambda_function",
      "name": "update",
      "provider": "provider[\"registry.terraform.io/hashicorp/aws\"]",
      "instances": [
        {
          "schema_version": 0,
          "attributes": {
            "architectures": [
              "x86_64"
            ],
            "arn": "arn:aws:lambda:us-west-2:992382387916:function:update",
            "code_sha256": "IOVNRVPrt318azVHT3EIDUzra06pWhw/UUIuG2RNqA8=",
            "code_signing_config_arn": "",
            "dead_letter_config": [],
            "description": "",
            "environment": [],
            "ephemeral_storage": [
              {
                "size": 512
              }
            ],
            "file_system_config": [],
            "filename": "lambda_function_update.zip",
            "function_name": "update",
            "handler": "update.lambda_handler",
            "id": "update",
            "image_config": [],
            "image_uri": "",
            "invoke_arn": "arn:aws:apigateway:us-west-2:lambda:path/2015-03-31/functions/arn:aws:lambda:us-west-2:992382387916:function:update/invocations",
            "kms_key_arn": "",
            "last_modified": "2024-08-13T04:29:45.187+0000",
            "layers": [
              "arn:aws:lambda:us-west-2:992382387916:layer:boto3layer:2"
            ],
            "logging_config": [
              {
                "application_log_level": "",
                "log_format": "Text",
                "log_group": "/aws/lambda/update",
                "system_log_level": ""
              }
            ],
            "memory_size": 128,
            "package_type": "Zip",
            "publish": false,
            "qualified_arn": "arn:aws:lambda:us-west-2:992382387916:function:update:$LATEST",
            "qualified_invoke_arn": "arn:aws:apigateway:us-west-2:lambda:path/2015-03-31/functions/arn:aws:lambda:us-west-2:992382387916:function:update:$LATEST/invocations",
            "replace_security_groups_on_destroy": null,
            "replacement_security_group_ids": null,
            "reserved_concurrent_executions": -1,
            "role": "arn:aws:iam::992382387916:role/iam_for_lambda",
            "runtime": "python3.12",
            "s3_bucket": null,
            "s3_key": null,
            "s3_object_version": null,
            "signing_job_arn": "",
            "signing_profile_version_arn": "",
            "skip_destroy": false,
            "snap_start": [],
            "source_code_hash": "IOVNRVPrt318azVHT3EIDUzra06pWhw/UUIuG2RNqA8=",
            "source_code_size": 432,
            "tags": null,
            "tags_all": {},
            "timeout": 3,
            "timeouts": null,
            "tracing_config": [
              {
                "mode": "PassThrough"
              }
            ],
            "version": "$LATEST",
            "vpc_config": []
          },
          "sensitive_attributes": [],
          "private": "eyJlMmJmYjczMC1lY2FhLTExZTYtOGY4OC0zNDM2M2JjN2M0YzAiOnsiY3JlYXRlIjo2MDAwMDAwMDAwMDAsImRlbGV0ZSI6NjAwMDAwMDAwMDAwLCJ1cGRhdGUiOjYwMDAwMDAwMDAwMH19",
          "dependencies": [
            "aws_iam_role.iam_for_lambda",
            "data.archive_file.update",
            "data.aws_iam_policy_document.assume_role"
          ]
        }
      ]
    },
    {
      "mode": "managed",
      "type": "aws_lambda_permission",
      "name": "add_gw_permissions",
      "provider": "provider[\"registry.terraform.io/hashicorp/aws\"]",
      "instances": [
        {
          "schema_version": 0,
          "attributes": {
            "action": "lambda:InvokeFunction",
            "event_source_token": null,
            "function_name": "add",
            "function_url_auth_type": null,
            "id": "AllowExecutionFromAPIGateway",
            "principal": "apigateway.amazonaws.com",
            "principal_org_id": null,
            "qualifier": "",
            "source_account": null,
            "source_arn": "arn:aws:execute-api:us-west-2:992382387916:ymi3sm4amd/*",
            "statement_id": "AllowExecutionFromAPIGateway",
            "statement_id_prefix": ""
          },
          "sensitive_attributes": [],
          "private": "bnVsbA==",
          "dependencies": [
            "aws_api_gateway_rest_api.userapi",
            "aws_iam_role.iam_for_lambda",
            "aws_lambda_function.add",
            "data.archive_file.add",
            "data.aws_iam_policy_document.assume_role"
          ]
        }
      ]
    },
    {
      "mode": "managed",
      "type": "aws_lambda_permission",
      "name": "delete_gw_permissions",
      "provider": "provider[\"registry.terraform.io/hashicorp/aws\"]",
      "instances": [
        {
          "schema_version": 0,
          "attributes": {
            "action": "lambda:InvokeFunction",
            "event_source_token": null,
            "function_name": "delete",
            "function_url_auth_type": null,
            "id": "AllowExecutionFromAPIGateway",
            "principal": "apigateway.amazonaws.com",
            "principal_org_id": null,
            "qualifier": "",
            "source_account": null,
            "source_arn": "arn:aws:execute-api:us-west-2:992382387916:ymi3sm4amd/*",
            "statement_id": "AllowExecutionFromAPIGateway",
            "statement_id_prefix": ""
          },
          "sensitive_attributes": [],
          "private": "bnVsbA==",
          "dependencies": [
            "aws_api_gateway_rest_api.userapi",
            "aws_iam_role.iam_for_lambda",
            "aws_lambda_function.delete",
            "data.archive_file.delete",
            "data.aws_iam_policy_document.assume_role"
          ]
        }
      ]
    },
    {
      "mode": "managed",
      "type": "aws_lambda_permission",
      "name": "get_gw_permissions",
      "provider": "provider[\"registry.terraform.io/hashicorp/aws\"]",
      "instances": [
        {
          "schema_version": 0,
          "attributes": {
            "action": "lambda:InvokeFunction",
            "event_source_token": null,
            "function_name": "get",
            "function_url_auth_type": null,
            "id": "AllowExecutionFromAPIGateway",
            "principal": "apigateway.amazonaws.com",
            "principal_org_id": null,
            "qualifier": "",
            "source_account": null,
            "source_arn": "arn:aws:execute-api:us-west-2:992382387916:ymi3sm4amd/*",
            "statement_id": "AllowExecutionFromAPIGateway",
            "statement_id_prefix": ""
          },
          "sensitive_attributes": [],
          "private": "bnVsbA==",
          "dependencies": [
            "aws_api_gateway_rest_api.userapi",
            "aws_iam_role.iam_for_lambda",
            "aws_lambda_function.get",
            "data.archive_file.get",
            "data.aws_iam_policy_document.assume_role"
          ]
        }
      ]
    },
    {
      "mode": "managed",
      "type": "aws_lambda_permission",
      "name": "update_gw_permissions",
      "provider": "provider[\"registry.terraform.io/hashicorp/aws\"]",
      "instances": [
        {
          "schema_version": 0,
          "attributes": {
            "action": "lambda:InvokeFunction",
            "event_source_token": null,
            "function_name": "update",
            "function_url_auth_type": null,
            "id": "AllowExecutionFromAPIGateway",
            "principal": "apigateway.amazonaws.com",
            "principal_org_id": null,
            "qualifier": "",
            "source_account": null,
            "source_arn": "arn:aws:execute-api:us-west-2:992382387916:ymi3sm4amd/*",
            "statement_id": "AllowExecutionFromAPIGateway",
            "statement_id_prefix": ""
          },
          "sensitive_attributes": [],
          "private": "bnVsbA==",
          "dependencies": [
            "aws_api_gateway_rest_api.userapi",
            "aws_iam_role.iam_for_lambda",
            "aws_lambda_function.update",
            "data.archive_file.update",
            "data.aws_iam_policy_document.assume_role"
          ]
        }
      ]
    }
  ],
  "check_results": null
}
