{
  "version": 4,
  "terraform_version": "1.9.0",
  "serial": 386,
  "lineage": "d96d4d2a-9bbd-3ca6-d749-69cbdfd32a07",
  "outputs": {
    "api_endpoint": {
      "value": "https://6mm8pnsyfj.execute-api.us-west-2.amazonaws.com/v1",
      "type": "string"
    }
  },
  "resources": [
    {
      "mode": "data",
      "type": "archive_file",
      "name": "add",
      "provider": "provider[\"registry.terraform.io/hashicorp/archive\"]",
      "instances": [
        {
          "schema_version": 0,
          "attributes": {
            "exclude_symlink_directories": null,
            "excludes": null,
            "id": "2f7b8a3683bb03c210f22948c92fb92307da8f1f",
            "output_base64sha256": "7g05d4I9yN6k++ur8JOJrJyInks8gFyS5t1cKrZwxjE=",
            "output_base64sha512": "P5DpbLVxkb5xmxhdun/3r5tMoDY39PgRBxUyEVb+nCCuiEOB7ZpTOCGOP58zXMVFUmAwPbF5JLFvetwCnbuDfQ==",
            "output_file_mode": null,
            "output_md5": "ddbb7564311677eaef1525899f86a428",
            "output_path": "lambda_function_add.zip",
            "output_sha": "2f7b8a3683bb03c210f22948c92fb92307da8f1f",
            "output_sha256": "ee0d3977823dc8dea4fbebabf09389ac9c889e4b3c805c92e6dd5c2ab670c631",
            "output_sha512": "3f90e96cb57191be719b185dba7ff7af9b4ca03637f4f8110715321156fe9c20ae884381ed9a5338218e3f9f335cc5455260303db17924b16f7adc029dbb837d",
            "output_size": 431,
            "source": [],
            "source_content": null,
            "source_content_filename": null,
            "source_dir": null,
            "source_file": "add.py",
            "type": "zip"
          },
          "sensitive_attributes": []
        }
      ]
    },
    {
      "mode": "data",
      "type": "archive_file",
      "name": "delete",
      "provider": "provider[\"registry.terraform.io/hashicorp/archive\"]",
      "instances": [
        {
          "schema_version": 0,
          "attributes": {
            "exclude_symlink_directories": null,
            "excludes": null,
            "id": "a742e6b235f89a2ef912e7033976cd769c5cdca6",
            "output_base64sha256": "ndBItdDVv0uDM+co34KSj2+ASemK9/EPmTx3q8IquFk=",
            "output_base64sha512": "fmZBKM/7O0QH+Cu8/TOdKPUtMY6X+biXe9Fpt+TSC6M5sssHJvapgiVS8AMIm5bvseJkkkdG085JQmA+EpN7Zg==",
            "output_file_mode": null,
            "output_md5": "8d53a95e66a915508a4f41e869a99e68",
            "output_path": "lambda_function_delete.zip",
            "output_sha": "a742e6b235f89a2ef912e7033976cd769c5cdca6",
            "output_sha256": "9dd048b5d0d5bf4b8333e728df82928f6f8049e98af7f10f993c77abc22ab859",
            "output_sha512": "7e664128cffb3b4407f82bbcfd339d28f52d318e97f9b8977bd169b7e4d20ba339b2cb0726f6a9822552f003089b96efb1e264924746d3ce4942603e12937b66",
            "output_size": 398,
            "source": [],
            "source_content": null,
            "source_content_filename": null,
            "source_dir": null,
            "source_file": "delete.py",
            "type": "zip"
          },
          "sensitive_attributes": []
        }
      ]
    },
    {
      "mode": "data",
      "type": "archive_file",
      "name": "get",
      "provider": "provider[\"registry.terraform.io/hashicorp/archive\"]",
      "instances": [
        {
          "schema_version": 0,
          "attributes": {
            "exclude_symlink_directories": null,
            "excludes": null,
            "id": "9589aaad34723356abb9af79ae250aba101a8662",
            "output_base64sha256": "s4CXBRsgHaEXqq+/CccYF40MH1XCkX7Kj2pwExKsweE=",
            "output_base64sha512": "Btyc4YvyaIjaUILfBWeM9GrbtEh76UAVTo2iJvSy4NPb14JVhlUkno8d0LuLPbizlkBFs3mjrU1/Hc7auwTUqw==",
            "output_file_mode": null,
            "output_md5": "877117aa18c9187f59086fc5464e278c",
            "output_path": "lambda_function_get.zip",
            "output_sha": "9589aaad34723356abb9af79ae250aba101a8662",
            "output_sha256": "b38097051b201da117aaafbf09c718178d0c1f55c2917eca8f6a701312acc1e1",
            "output_sha512": "06dc9ce18bf26888da5082df05678cf46adbb4487be940154e8da226f4b2e0d3dbd782558655249e8f1dd0bb8b3db8b3964045b379a3ad4d7f1dcedabb04d4ab",
            "output_size": 395,
            "source": [],
            "source_content": null,
            "source_content_filename": null,
            "source_dir": null,
            "source_file": "get.py",
            "type": "zip"
          },
          "sensitive_attributes": []
        }
      ]
    },
    {
      "mode": "data",
      "type": "archive_file",
      "name": "update",
      "provider": "provider[\"registry.terraform.io/hashicorp/archive\"]",
      "instances": [
        {
          "schema_version": 0,
          "attributes": {
            "exclude_symlink_directories": null,
            "excludes": null,
            "id": "15fe2c217549a8b88a75106172e4140d88432c9f",
            "output_base64sha256": "E2o9mplSKTgHrmbQoBuSrPJ4UDIbtNJZgZM43Kwd/lY=",
            "output_base64sha512": "DmFC4c90Kk15OJifZ86ZlS+7J0tb5GrIEa5wMVknfy+J2WLAxCG2irYis1XYIUdQdgl6jWAJp+onDvQJsvZ0Bw==",
            "output_file_mode": null,
            "output_md5": "b5253887187fceb20c1010b8bc973823",
            "output_path": "lambda_function_update.zip",
            "output_sha": "15fe2c217549a8b88a75106172e4140d88432c9f",
            "output_sha256": "136a3d9a9952293807ae66d0a01b92acf27850321bb4d259819338dcac1dfe56",
            "output_sha512": "0e6142e1cf742a4d7938989f67ce99952fbb274b5be46ac811ae703159277f2f89d962c0c421b68ab622b355d821475076097a8d6009a7ea270ef409b2f67407",
            "output_size": 435,
            "source": [],
            "source_content": null,
            "source_content_filename": null,
            "source_dir": null,
            "source_file": "update.py",
            "type": "zip"
          },
          "sensitive_attributes": []
        }
      ]
    },
    {
      "mode": "data",
      "type": "aws_iam_policy_document",
      "name": "assume_role",
      "provider": "provider[\"registry.terraform.io/hashicorp/aws\"]",
      "instances": [
        {
          "schema_version": 0,
          "attributes": {
            "id": "2690255455",
            "json": "{\n  \"Version\": \"2012-10-17\",\n  \"Statement\": [\n    {\n      \"Effect\": \"Allow\",\n      \"Action\": \"sts:AssumeRole\",\n      \"Principal\": {\n        \"Service\": \"lambda.amazonaws.com\"\n      }\n    }\n  ]\n}",
            "minified_json": "{\"Version\":\"2012-10-17\",\"Statement\":[{\"Effect\":\"Allow\",\"Action\":\"sts:AssumeRole\",\"Principal\":{\"Service\":\"lambda.amazonaws.com\"}}]}",
            "override_json": null,
            "override_policy_documents": null,
            "policy_id": null,
            "source_json": null,
            "source_policy_documents": null,
            "statement": [
              {
                "actions": [
                  "sts:AssumeRole"
                ],
                "condition": [],
                "effect": "Allow",
                "not_actions": [],
                "not_principals": [],
                "not_resources": [],
                "principals": [
                  {
                    "identifiers": [
                      "lambda.amazonaws.com"
                    ],
                    "type": "Service"
                  }
                ],
                "resources": [],
                "sid": ""
              }
            ],
            "version": "2012-10-17"
          },
          "sensitive_attributes": []
        }
      ]
    },
    {
      "mode": "managed",
      "type": "aws_api_gateway_deployment",
      "name": "userAPI_deploy",
      "provider": "provider[\"registry.terraform.io/hashicorp/aws\"]",
      "instances": [
        {
          "schema_version": 0,
          "attributes": {
            "canary_settings": [],
            "created_date": "2024-08-12T04:25:59Z",
            "description": "",
            "execution_arn": "arn:aws:execute-api:us-west-2:992382387916:6mm8pnsyfj/v1",
            "id": "2imbu4",
            "invoke_url": "https://6mm8pnsyfj.execute-api.us-west-2.amazonaws.com/v1",
            "rest_api_id": "6mm8pnsyfj",
            "stage_description": null,
            "stage_name": "v1",
            "triggers": null,
            "variables": null
          },
          "sensitive_attributes": [],
          "private": "bnVsbA==",
          "dependencies": [
            "aws_api_gateway_integration.add_integration",
            "aws_api_gateway_integration.delete_integration",
            "aws_api_gateway_integration.get_integration",
            "aws_api_gateway_integration.update_integration",
            "aws_api_gateway_method.add_user",
            "aws_api_gateway_method.delete_user",
            "aws_api_gateway_method.get_user",
            "aws_api_gateway_method.update_user",
            "aws_api_gateway_resource.add",
            "aws_api_gateway_resource.delete",
            "aws_api_gateway_resource.update",
            "aws_api_gateway_resource.users",
            "aws_api_gateway_rest_api.userapi",
            "aws_iam_role.iam_for_lambda",
            "aws_lambda_function.add",
            "aws_lambda_function.delete",
            "aws_lambda_function.get",
            "aws_lambda_function.update",
            "data.archive_file.add",
            "data.archive_file.delete",
            "data.archive_file.get",
            "data.archive_file.update",
            "data.aws_iam_policy_document.assume_role"
          ]
        }
      ]
    },
    {
      "mode": "managed",
      "type": "aws_api_gateway_integration",
      "name": "add_integration",
      "provider": "provider[\"registry.terraform.io/hashicorp/aws\"]",
      "instances": [
        {
          "schema_version": 0,
          "attributes": {
            "cache_key_parameters": null,
            "cache_namespace": "xkpeii",
            "connection_id": "",
            "connection_type": "INTERNET",
            "content_handling": "",
            "credentials": "",
            "http_method": "GET",
            "id": "agi-6mm8pnsyfj-xkpeii-GET",
            "integration_http_method": "POST",
            "passthrough_behavior": "WHEN_NO_MATCH",
            "request_parameters": {
              "integration.request.querystring.age": "method.request.querystring.age",
              "integration.request.querystring.name": "method.request.querystring.name",
              "integration.request.querystring.userId": "method.request.querystring.userId"
            },
            "request_templates": null,
            "resource_id": "xkpeii",
            "rest_api_id": "6mm8pnsyfj",
            "timeout_milliseconds": 29000,
            "tls_config": [],
            "type": "AWS_PROXY",
            "uri": "arn:aws:apigateway:us-west-2:lambda:path/2015-03-31/functions/arn:aws:lambda:us-west-2:992382387916:function:add/invocations"
          },
          "sensitive_attributes": [],
          "private": "bnVsbA==",
          "dependencies": [
            "aws_api_gateway_method.add_user",
            "aws_api_gateway_resource.add",
            "aws_api_gateway_rest_api.userapi",
            "aws_iam_role.iam_for_lambda",
            "aws_lambda_function.add",
            "data.archive_file.add",
            "data.aws_iam_policy_document.assume_role"
          ]
        }
      ]
    },
    {
      "mode": "managed",
      "type": "aws_api_gateway_integration",
      "name": "delete_integration",
      "provider": "provider[\"registry.terraform.io/hashicorp/aws\"]",
      "instances": [
        {
          "schema_version": 0,
          "attributes": {
            "cache_key_parameters": null,
            "cache_namespace": "hehueq",
            "connection_id": "",
            "connection_type": "INTERNET",
            "content_handling": "",
            "credentials": "",
            "http_method": "GET",
            "id": "agi-6mm8pnsyfj-hehueq-GET",
            "integration_http_method": "POST",
            "passthrough_behavior": "WHEN_NO_MATCH",
            "request_parameters": {
              "integration.request.querystring.userId": "method.request.querystring.userId"
            },
            "request_templates": null,
            "resource_id": "hehueq",
            "rest_api_id": "6mm8pnsyfj",
            "timeout_milliseconds": 29000,
            "tls_config": [],
            "type": "AWS_PROXY",
            "uri": "arn:aws:apigateway:us-west-2:lambda:path/2015-03-31/functions/arn:aws:lambda:us-west-2:992382387916:function:delete/invocations"
          },
          "sensitive_attributes": [],
          "private": "bnVsbA==",
          "dependencies": [
            "aws_api_gateway_method.delete_user",
            "aws_api_gateway_resource.delete",
            "aws_api_gateway_rest_api.userapi",
            "aws_iam_role.iam_for_lambda",
            "aws_lambda_function.delete",
            "data.archive_file.delete",
            "data.aws_iam_policy_document.assume_role"
          ]
        }
      ]
    },
    {
      "mode": "managed",
      "type": "aws_api_gateway_integration",
      "name": "get_integration",
      "provider": "provider[\"registry.terraform.io/hashicorp/aws\"]",
      "instances": [
        {
          "schema_version": 0,
          "attributes": {
            "cache_key_parameters": null,
            "cache_namespace": "awkvy5",
            "connection_id": "",
            "connection_type": "INTERNET",
            "content_handling": "",
            "credentials": "",
            "http_method": "GET",
            "id": "agi-6mm8pnsyfj-awkvy5-GET",
            "integration_http_method": "POST",
            "passthrough_behavior": "WHEN_NO_MATCH",
            "request_parameters": {
              "integration.request.querystring.userId": "method.request.querystring.userId"
            },
            "request_templates": null,
            "resource_id": "awkvy5",
            "rest_api_id": "6mm8pnsyfj",
            "timeout_milliseconds": 29000,
            "tls_config": [],
            "type": "AWS_PROXY",
            "uri": "arn:aws:apigateway:us-west-2:lambda:path/2015-03-31/functions/arn:aws:lambda:us-west-2:992382387916:function:get/invocations"
          },
          "sensitive_attributes": [],
          "private": "bnVsbA==",
          "dependencies": [
            "aws_api_gateway_method.get_user",
            "aws_api_gateway_resource.users",
            "aws_api_gateway_rest_api.userapi",
            "aws_iam_role.iam_for_lambda",
            "aws_lambda_function.get",
            "data.archive_file.get",
            "data.aws_iam_policy_document.assume_role"
          ]
        }
      ]
    },
    {
      "mode": "managed",
      "type": "aws_api_gateway_integration",
      "name": "update_integration",
      "provider": "provider[\"registry.terraform.io/hashicorp/aws\"]",
      "instances": [
        {
          "schema_version": 0,
          "attributes": {
            "cache_key_parameters": null,
            "cache_namespace": "1x0ra1",
            "connection_id": "",
            "connection_type": "INTERNET",
            "content_handling": "",
            "credentials": "",
            "http_method": "GET",
            "id": "agi-6mm8pnsyfj-1x0ra1-GET",
            "integration_http_method": "POST",
            "passthrough_behavior": "WHEN_NO_MATCH",
            "request_parameters": {
              "integration.request.querystring.age": "method.request.querystring.age",
              "integration.request.querystring.name": "method.request.querystring.name",
              "integration.request.querystring.userId": "method.request.querystring.userId"
            },
            "request_templates": null,
            "resource_id": "1x0ra1",
            "rest_api_id": "6mm8pnsyfj",
            "timeout_milliseconds": 29000,
            "tls_config": [],
            "type": "AWS_PROXY",
            "uri": "arn:aws:apigateway:us-west-2:lambda:path/2015-03-31/functions/arn:aws:lambda:us-west-2:992382387916:function:update/invocations"
          },
          "sensitive_attributes": [],
          "private": "bnVsbA==",
          "dependencies": [
            "aws_api_gateway_method.update_user",
            "aws_api_gateway_resource.update",
            "aws_api_gateway_rest_api.userapi",
            "aws_iam_role.iam_for_lambda",
            "aws_lambda_function.update",
            "data.archive_file.update",
            "data.aws_iam_policy_document.assume_role"
          ]
        }
      ]
    },
    {
      "mode": "managed",
      "type": "aws_api_gateway_method",
      "name": "add_user",
      "provider": "provider[\"registry.terraform.io/hashicorp/aws\"]",
      "instances": [
        {
          "schema_version": 0,
          "attributes": {
            "api_key_required": false,
            "authorization": "NONE",
            "authorization_scopes": null,
            "authorizer_id": null,
            "http_method": "GET",
            "id": "agm-6mm8pnsyfj-xkpeii-GET",
            "operation_name": null,
            "request_models": null,
            "request_parameters": {
              "method.request.querystring.age": true,
              "method.request.querystring.name": true,
              "method.request.querystring.userId": true
            },
            "request_validator_id": null,
            "resource_id": "xkpeii",
            "rest_api_id": "6mm8pnsyfj"
          },
          "sensitive_attributes": [],
          "private": "bnVsbA==",
          "dependencies": [
            "aws_api_gateway_resource.add",
            "aws_api_gateway_rest_api.userapi"
          ]
        }
      ]
    },
    {
      "mode": "managed",
      "type": "aws_api_gateway_method",
      "name": "delete_user",
      "provider": "provider[\"registry.terraform.io/hashicorp/aws\"]",
      "instances": [
        {
          "schema_version": 0,
          "attributes": {
            "api_key_required": false,
            "authorization": "NONE",
            "authorization_scopes": null,
            "authorizer_id": null,
            "http_method": "GET",
            "id": "agm-6mm8pnsyfj-hehueq-GET",
            "operation_name": null,
            "request_models": null,
            "request_parameters": {
              "method.request.querystring.userId": true
            },
            "request_validator_id": null,
            "resource_id": "hehueq",
            "rest_api_id": "6mm8pnsyfj"
          },
          "sensitive_attributes": [],
          "private": "bnVsbA==",
          "dependencies": [
            "aws_api_gateway_resource.delete",
            "aws_api_gateway_rest_api.userapi"
          ]
        }
      ]
    },
    {
      "mode": "managed",
      "type": "aws_api_gateway_method",
      "name": "get_user",
      "provider": "provider[\"registry.terraform.io/hashicorp/aws\"]",
      "instances": [
        {
          "schema_version": 0,
          "attributes": {
            "api_key_required": false,
            "authorization": "NONE",
            "authorization_scopes": null,
            "authorizer_id": null,
            "http_method": "GET",
            "id": "agm-6mm8pnsyfj-awkvy5-GET",
            "operation_name": null,
            "request_models": null,
            "request_parameters": {
              "method.request.querystring.userId": true
            },
            "request_validator_id": null,
            "resource_id": "awkvy5",
            "rest_api_id": "6mm8pnsyfj"
          },
          "sensitive_attributes": [],
          "private": "bnVsbA==",
          "dependencies": [
            "aws_api_gateway_resource.users",
            "aws_api_gateway_rest_api.userapi"
          ]
        }
      ]
    },
    {
      "mode": "managed",
      "type": "aws_api_gateway_method",
      "name": "update_user",
      "provider": "provider[\"registry.terraform.io/hashicorp/aws\"]",
      "instances": [
        {
          "schema_version": 0,
          "attributes": {
            "api_key_required": false,
            "authorization": "NONE",
            "authorization_scopes": null,
            "authorizer_id": null,
            "http_method": "GET",
            "id": "agm-6mm8pnsyfj-1x0ra1-GET",
            "operation_name": null,
            "request_models": null,
            "request_parameters": {
              "method.request.querystring.age": true,
              "method.request.querystring.name": true,
              "method.request.querystring.userId": true
            },
            "request_validator_id": null,
            "resource_id": "1x0ra1",
            "rest_api_id": "6mm8pnsyfj"
          },
          "sensitive_attributes": [],
          "private": "bnVsbA==",
          "dependencies": [
            "aws_api_gateway_resource.update",
            "aws_api_gateway_rest_api.userapi"
          ]
        }
      ]
    },
    {
      "mode": "managed",
      "type": "aws_api_gateway_resource",
      "name": "add",
      "provider": "provider[\"registry.terraform.io/hashicorp/aws\"]",
      "instances": [
        {
          "schema_version": 0,
          "attributes": {
            "id": "xkpeii",
            "parent_id": "et12uf9x67",
            "path": "/add",
            "path_part": "add",
            "rest_api_id": "6mm8pnsyfj"
          },
          "sensitive_attributes": [],
          "private": "bnVsbA==",
          "dependencies": [
            "aws_api_gateway_rest_api.userapi"
          ]
        }
      ]
    },
    {
      "mode": "managed",
      "type": "aws_api_gateway_resource",
      "name": "delete",
      "provider": "provider[\"registry.terraform.io/hashicorp/aws\"]",
      "instances": [
        {
          "schema_version": 0,
          "attributes": {
            "id": "hehueq",
            "parent_id": "et12uf9x67",
            "path": "/delete",
            "path_part": "delete",
            "rest_api_id": "6mm8pnsyfj"
          },
          "sensitive_attributes": [],
          "private": "bnVsbA==",
          "dependencies": [
            "aws_api_gateway_rest_api.userapi"
          ]
        }
      ]
    },
    {
      "mode": "managed",
      "type": "aws_api_gateway_resource",
      "name": "update",
      "provider": "provider[\"registry.terraform.io/hashicorp/aws\"]",
      "instances": [
        {
          "schema_version": 0,
          "attributes": {
            "id": "1x0ra1",
            "parent_id": "et12uf9x67",
            "path": "/update",
            "path_part": "update",
            "rest_api_id": "6mm8pnsyfj"
          },
          "sensitive_attributes": [],
          "private": "bnVsbA==",
          "dependencies": [
            "aws_api_gateway_rest_api.userapi"
          ]
        }
      ]
    },
    {
      "mode": "managed",
      "type": "aws_api_gateway_resource",
      "name": "users",
      "provider": "provider[\"registry.terraform.io/hashicorp/aws\"]",
      "instances": [
        {
          "schema_version": 0,
          "attributes": {
            "id": "awkvy5",
            "parent_id": "et12uf9x67",
            "path": "/user",
            "path_part": "user",
            "rest_api_id": "6mm8pnsyfj"
          },
          "sensitive_attributes": [],
          "private": "bnVsbA==",
          "dependencies": [
            "aws_api_gateway_rest_api.userapi"
          ]
        }
      ]
    },
    {
      "mode": "managed",
      "type": "aws_api_gateway_rest_api",
      "name": "userapi",
      "provider": "provider[\"registry.terraform.io/hashicorp/aws\"]",
      "instances": [
        {
          "schema_version": 0,
          "attributes": {
            "api_key_source": "HEADER",
            "arn": "arn:aws:apigateway:us-west-2::/restapis/6mm8pnsyfj",
            "binary_media_types": [],
            "body": null,
            "created_date": "2024-08-12T04:25:08Z",
            "description": "",
            "disable_execute_api_endpoint": false,
            "endpoint_configuration": [
              {
                "types": [
                  "EDGE"
                ],
                "vpc_endpoint_ids": []
              }
            ],
            "execution_arn": "arn:aws:execute-api:us-west-2:992382387916:6mm8pnsyfj",
            "fail_on_warnings": null,
            "id": "6mm8pnsyfj",
            "minimum_compression_size": "",
            "name": "userapi",
            "parameters": null,
            "policy": "",
            "put_rest_api_mode": null,
            "root_resource_id": "et12uf9x67",
            "tags": null,
            "tags_all": {}
          },
          "sensitive_attributes": [],
          "private": "bnVsbA=="
        }
      ]
    },
    {
      "mode": "managed",
      "type": "aws_dynamodb_table",
      "name": "users",
      "provider": "provider[\"registry.terraform.io/hashicorp/aws\"]",
      "instances": [
        {
          "schema_version": 1,
          "attributes": {
            "arn": "arn:aws:dynamodb:us-west-2:992382387916:table/users",
            "attribute": [
              {
                "name": "Age",
                "type": "N"
              },
              {
                "name": "Name",
                "type": "S"
              },
              {
                "name": "UserId",
                "type": "S"
              }
            ],
            "billing_mode": "PROVISIONED",
            "deletion_protection_enabled": false,
            "global_secondary_index": [
              {
                "hash_key": "UserId",
                "name": "AgeIndex",
                "non_key_attributes": [
                  "Name"
                ],
                "projection_type": "INCLUDE",
                "range_key": "Age",
                "read_capacity": 10,
                "write_capacity": 10
              }
            ],
            "hash_key": "UserId",
            "id": "users",
            "import_table": [],
            "local_secondary_index": [],
            "name": "users",
            "point_in_time_recovery": [
              {
                "enabled": false
              }
            ],
            "range_key": "Name",
            "read_capacity": 20,
            "replica": [],
            "restore_date_time": null,
            "restore_source_name": null,
            "restore_to_latest_time": null,
            "server_side_encryption": [],
            "stream_arn": "",
            "stream_enabled": false,
            "stream_label": "",
            "stream_view_type": "",
            "table_class": "STANDARD",
            "tags": null,
            "tags_all": {},
            "timeouts": null,
            "ttl": [
              {
                "attribute_name": "",
                "enabled": false
              }
            ],
            "write_capacity": 20
          },
          "sensitive_attributes": [],
          "private": "eyJlMmJmYjczMC1lY2FhLTExZTYtOGY4OC0zNDM2M2JjN2M0YzAiOnsiY3JlYXRlIjoxODAwMDAwMDAwMDAwLCJkZWxldGUiOjYwMDAwMDAwMDAwMCwidXBkYXRlIjozNjAwMDAwMDAwMDAwfSwic2NoZW1hX3ZlcnNpb24iOiIxIn0="
        }
      ]
    },
    {
      "mode": "managed",
      "type": "aws_iam_role",
      "name": "iam_for_lambda",
      "provider": "provider[\"registry.terraform.io/hashicorp/aws\"]",
      "instances": [
        {
          "schema_version": 0,
          "attributes": {
            "arn": "arn:aws:iam::992382387916:role/iam_for_lambda",
            "assume_role_policy": "{\"Statement\":[{\"Action\":\"sts:AssumeRole\",\"Effect\":\"Allow\",\"Principal\":{\"Service\":\"lambda.amazonaws.com\"}}],\"Version\":\"2012-10-17\"}",
            "create_date": "2024-08-12T04:25:08Z",
            "description": "",
            "force_detach_policies": false,
            "id": "iam_for_lambda",
            "inline_policy": [],
            "managed_policy_arns": [],
            "max_session_duration": 3600,
            "name": "iam_for_lambda",
            "name_prefix": "",
            "path": "/",
            "permissions_boundary": "",
            "tags": null,
            "tags_all": {},
            "unique_id": "AROA6ODUZQ3GGOV4QZFFT"
          },
          "sensitive_attributes": [],
          "private": "bnVsbA==",
          "dependencies": [
            "data.aws_iam_policy_document.assume_role"
          ]
        }
      ]
    },
    {
      "mode": "managed",
      "type": "aws_iam_role_policy_attachment",
      "name": "dynamodb_full_access",
      "provider": "provider[\"registry.terraform.io/hashicorp/aws\"]",
      "instances": [
        {
          "schema_version": 0,
          "attributes": {
            "id": "iam_for_lambda-20240812042509722400000001",
            "policy_arn": "arn:aws:iam::aws:policy/AmazonDynamoDBFullAccess",
            "role": "iam_for_lambda"
          },
          "sensitive_attributes": [],
          "private": "bnVsbA==",
          "dependencies": [
            "aws_iam_role.iam_for_lambda",
            "data.aws_iam_policy_document.assume_role"
          ]
        }
      ]
    },
    {
      "mode": "managed",
      "type": "aws_lambda_function",
      "name": "add",
      "provider": "provider[\"registry.terraform.io/hashicorp/aws\"]",
      "instances": [
        {
          "schema_version": 0,
          "attributes": {
            "architectures": [
              "x86_64"
            ],
            "arn": "arn:aws:lambda:us-west-2:992382387916:function:add",
            "code_sha256": "7g05d4I9yN6k++ur8JOJrJyInks8gFyS5t1cKrZwxjE=",
            "code_signing_config_arn": "",
            "dead_letter_config": [],
            "description": "",
            "environment": [],
            "ephemeral_storage": [
              {
                "size": 512
              }
            ],
            "file_system_config": [],
            "filename": "lambda_function_add.zip",
            "function_name": "add",
            "handler": "add.lambda_handler",
            "id": "add",
            "image_config": [],
            "image_uri": "",
            "invoke_arn": "arn:aws:apigateway:us-west-2:lambda:path/2015-03-31/functions/arn:aws:lambda:us-west-2:992382387916:function:add/invocations",
            "kms_key_arn": "",
            "last_modified": "2024-08-12T04:25:15.192+0000",
            "layers": [
              "arn:aws:lambda:us-west-2:992382387916:layer:boto3layer:2"
            ],
            "logging_config": [
              {
                "application_log_level": "",
                "log_format": "Text",
                "log_group": "/aws/lambda/add",
                "system_log_level": ""
              }
            ],
            "memory_size": 128,
            "package_type": "Zip",
            "publish": false,
            "qualified_arn": "arn:aws:lambda:us-west-2:992382387916:function:add:$LATEST",
            "qualified_invoke_arn": "arn:aws:apigateway:us-west-2:lambda:path/2015-03-31/functions/arn:aws:lambda:us-west-2:992382387916:function:add:$LATEST/invocations",
            "replace_security_groups_on_destroy": null,
            "replacement_security_group_ids": null,
            "reserved_concurrent_executions": -1,
            "role": "arn:aws:iam::992382387916:role/iam_for_lambda",
            "runtime": "python3.12",
            "s3_bucket": null,
            "s3_key": null,
            "s3_object_version": null,
            "signing_job_arn": "",
            "signing_profile_version_arn": "",
            "skip_destroy": false,
            "snap_start": [],
            "source_code_hash": "7g05d4I9yN6k++ur8JOJrJyInks8gFyS5t1cKrZwxjE=",
            "source_code_size": 431,
            "tags": null,
            "tags_all": {},
            "timeout": 3,
            "timeouts": null,
            "tracing_config": [
              {
                "mode": "PassThrough"
              }
            ],
            "version": "$LATEST",
            "vpc_config": []
          },
          "sensitive_attributes": [],
          "private": "eyJlMmJmYjczMC1lY2FhLTExZTYtOGY4OC0zNDM2M2JjN2M0YzAiOnsiY3JlYXRlIjo2MDAwMDAwMDAwMDAsImRlbGV0ZSI6NjAwMDAwMDAwMDAwLCJ1cGRhdGUiOjYwMDAwMDAwMDAwMH19",
          "dependencies": [
            "aws_iam_role.iam_for_lambda",
            "data.archive_file.add",
            "data.aws_iam_policy_document.assume_role"
          ]
        }
      ]
    },
    {
      "mode": "managed",
      "type": "aws_lambda_function",
      "name": "delete",
      "provider": "provider[\"registry.terraform.io/hashicorp/aws\"]",
      "instances": [
        {
          "schema_version": 0,
          "attributes": {
            "architectures": [
              "x86_64"
            ],
            "arn": "arn:aws:lambda:us-west-2:992382387916:function:delete",
            "code_sha256": "ndBItdDVv0uDM+co34KSj2+ASemK9/EPmTx3q8IquFk=",
            "code_signing_config_arn": "",
            "dead_letter_config": [],
            "description": "",
            "environment": [],
            "ephemeral_storage": [
              {
                "size": 512
              }
            ],
            "file_system_config": [],
            "filename": "lambda_function_delete.zip",
            "function_name": "delete",
            "handler": "delete.lambda_handler",
            "id": "delete",
            "image_config": [],
            "image_uri": "",
            "invoke_arn": "arn:aws:apigateway:us-west-2:lambda:path/2015-03-31/functions/arn:aws:lambda:us-west-2:992382387916:function:delete/invocations",
            "kms_key_arn": "",
            "last_modified": "2024-08-12T04:25:48.091+0000",
            "layers": [
              "arn:aws:lambda:us-west-2:992382387916:layer:boto3layer:2"
            ],
            "logging_config": [
              {
                "application_log_level": "",
                "log_format": "Text",
                "log_group": "/aws/lambda/delete",
                "system_log_level": ""
              }
            ],
            "memory_size": 128,
            "package_type": "Zip",
            "publish": false,
            "qualified_arn": "arn:aws:lambda:us-west-2:992382387916:function:delete:$LATEST",
            "qualified_invoke_arn": "arn:aws:apigateway:us-west-2:lambda:path/2015-03-31/functions/arn:aws:lambda:us-west-2:992382387916:function:delete:$LATEST/invocations",
            "replace_security_groups_on_destroy": null,
            "replacement_security_group_ids": null,
            "reserved_concurrent_executions": -1,
            "role": "arn:aws:iam::992382387916:role/iam_for_lambda",
            "runtime": "python3.12",
            "s3_bucket": null,
            "s3_key": null,
            "s3_object_version": null,
            "signing_job_arn": "",
            "signing_profile_version_arn": "",
            "skip_destroy": false,
            "snap_start": [],
            "source_code_hash": "ndBItdDVv0uDM+co34KSj2+ASemK9/EPmTx3q8IquFk=",
            "source_code_size": 398,
            "tags": null,
            "tags_all": {},
            "timeout": 3,
            "timeouts": null,
            "tracing_config": [
              {
                "mode": "PassThrough"
              }
            ],
            "version": "$LATEST",
            "vpc_config": []
          },
          "sensitive_attributes": [],
          "private": "eyJlMmJmYjczMC1lY2FhLTExZTYtOGY4OC0zNDM2M2JjN2M0YzAiOnsiY3JlYXRlIjo2MDAwMDAwMDAwMDAsImRlbGV0ZSI6NjAwMDAwMDAwMDAwLCJ1cGRhdGUiOjYwMDAwMDAwMDAwMH19",
          "dependencies": [
            "aws_iam_role.iam_for_lambda",
            "data.archive_file.delete",
            "data.aws_iam_policy_document.assume_role"
          ]
        }
      ]
    },
    {
      "mode": "managed",
      "type": "aws_lambda_function",
      "name": "get",
      "provider": "provider[\"registry.terraform.io/hashicorp/aws\"]",
      "instances": [
        {
          "schema_version": 0,
          "attributes": {
            "architectures": [
              "x86_64"
            ],
            "arn": "arn:aws:lambda:us-west-2:992382387916:function:get",
            "code_sha256": "s4CXBRsgHaEXqq+/CccYF40MH1XCkX7Kj2pwExKsweE=",
            "code_signing_config_arn": "",
            "dead_letter_config": [],
            "description": "",
            "environment": [],
            "ephemeral_storage": [
              {
                "size": 512
              }
            ],
            "file_system_config": [],
            "filename": "lambda_function_get.zip",
            "function_name": "get",
            "handler": "get.lambda_handler",
            "id": "get",
            "image_config": [],
            "image_uri": "",
            "invoke_arn": "arn:aws:apigateway:us-west-2:lambda:path/2015-03-31/functions/arn:aws:lambda:us-west-2:992382387916:function:get/invocations",
            "kms_key_arn": "",
            "last_modified": "2024-08-12T04:25:35.739+0000",
            "layers": [
              "arn:aws:lambda:us-west-2:992382387916:layer:boto3layer:2"
            ],
            "logging_config": [
              {
                "application_log_level": "",
                "log_format": "Text",
                "log_group": "/aws/lambda/get",
                "system_log_level": ""
              }
            ],
            "memory_size": 128,
            "package_type": "Zip",
            "publish": false,
            "qualified_arn": "arn:aws:lambda:us-west-2:992382387916:function:get:$LATEST",
            "qualified_invoke_arn": "arn:aws:apigateway:us-west-2:lambda:path/2015-03-31/functions/arn:aws:lambda:us-west-2:992382387916:function:get:$LATEST/invocations",
            "replace_security_groups_on_destroy": null,
            "replacement_security_group_ids": null,
            "reserved_concurrent_executions": -1,
            "role": "arn:aws:iam::992382387916:role/iam_for_lambda",
            "runtime": "python3.12",
            "s3_bucket": null,
            "s3_key": null,
            "s3_object_version": null,
            "signing_job_arn": "",
            "signing_profile_version_arn": "",
            "skip_destroy": false,
            "snap_start": [],
            "source_code_hash": "s4CXBRsgHaEXqq+/CccYF40MH1XCkX7Kj2pwExKsweE=",
            "source_code_size": 395,
            "tags": null,
            "tags_all": {},
            "timeout": 3,
            "timeouts": null,
            "tracing_config": [
              {
                "mode": "PassThrough"
              }
            ],
            "version": "$LATEST",
            "vpc_config": []
          },
          "sensitive_attributes": [],
          "private": "eyJlMmJmYjczMC1lY2FhLTExZTYtOGY4OC0zNDM2M2JjN2M0YzAiOnsiY3JlYXRlIjo2MDAwMDAwMDAwMDAsImRlbGV0ZSI6NjAwMDAwMDAwMDAwLCJ1cGRhdGUiOjYwMDAwMDAwMDAwMH19",
          "dependencies": [
            "aws_iam_role.iam_for_lambda",
            "data.archive_file.get",
            "data.aws_iam_policy_document.assume_role"
          ]
        }
      ]
    },
    {
      "mode": "managed",
      "type": "aws_lambda_function",
      "name": "update",
      "provider": "provider[\"registry.terraform.io/hashicorp/aws\"]",
      "instances": [
        {
          "schema_version": 0,
          "attributes": {
            "architectures": [
              "x86_64"
            ],
            "arn": "arn:aws:lambda:us-west-2:992382387916:function:update",
            "code_sha256": "E2o9mplSKTgHrmbQoBuSrPJ4UDIbtNJZgZM43Kwd/lY=",
            "code_signing_config_arn": "",
            "dead_letter_config": [],
            "description": "",
            "environment": [],
            "ephemeral_storage": [
              {
                "size": 512
              }
            ],
            "file_system_config": [],
            "filename": "lambda_function_update.zip",
            "function_name": "update",
            "handler": "update.lambda_handler",
            "id": "update",
            "image_config": [],
            "image_uri": "",
            "invoke_arn": "arn:aws:apigateway:us-west-2:lambda:path/2015-03-31/functions/arn:aws:lambda:us-west-2:992382387916:function:update/invocations",
            "kms_key_arn": "",
            "last_modified": "2024-08-12T04:25:24.252+0000",
            "layers": [
              "arn:aws:lambda:us-west-2:992382387916:layer:boto3layer:2"
            ],
            "logging_config": [
              {
                "application_log_level": "",
                "log_format": "Text",
                "log_group": "/aws/lambda/update",
                "system_log_level": ""
              }
            ],
            "memory_size": 128,
            "package_type": "Zip",
            "publish": false,
            "qualified_arn": "arn:aws:lambda:us-west-2:992382387916:function:update:$LATEST",
            "qualified_invoke_arn": "arn:aws:apigateway:us-west-2:lambda:path/2015-03-31/functions/arn:aws:lambda:us-west-2:992382387916:function:update:$LATEST/invocations",
            "replace_security_groups_on_destroy": null,
            "replacement_security_group_ids": null,
            "reserved_concurrent_executions": -1,
            "role": "arn:aws:iam::992382387916:role/iam_for_lambda",
            "runtime": "python3.12",
            "s3_bucket": null,
            "s3_key": null,
            "s3_object_version": null,
            "signing_job_arn": "",
            "signing_profile_version_arn": "",
            "skip_destroy": false,
            "snap_start": [],
            "source_code_hash": "E2o9mplSKTgHrmbQoBuSrPJ4UDIbtNJZgZM43Kwd/lY=",
            "source_code_size": 435,
            "tags": null,
            "tags_all": {},
            "timeout": 3,
            "timeouts": null,
            "tracing_config": [
              {
                "mode": "PassThrough"
              }
            ],
            "version": "$LATEST",
            "vpc_config": []
          },
          "sensitive_attributes": [],
          "private": "eyJlMmJmYjczMC1lY2FhLTExZTYtOGY4OC0zNDM2M2JjN2M0YzAiOnsiY3JlYXRlIjo2MDAwMDAwMDAwMDAsImRlbGV0ZSI6NjAwMDAwMDAwMDAwLCJ1cGRhdGUiOjYwMDAwMDAwMDAwMH19",
          "dependencies": [
            "aws_iam_role.iam_for_lambda",
            "data.archive_file.update",
            "data.aws_iam_policy_document.assume_role"
          ]
        }
      ]
    },
    {
      "mode": "managed",
      "type": "aws_lambda_permission",
      "name": "add_gw_permissions",
      "provider": "provider[\"registry.terraform.io/hashicorp/aws\"]",
      "instances": [
        {
          "schema_version": 0,
          "attributes": {
            "action": "lambda:InvokeFunction",
            "event_source_token": null,
            "function_name": "add",
            "function_url_auth_type": null,
            "id": "AllowExecutionFromAPIGateway",
            "principal": "apigateway.amazonaws.com",
            "principal_org_id": null,
            "qualifier": "",
            "source_account": null,
            "source_arn": "arn:aws:execute-api:us-west-2:992382387916:6mm8pnsyfj/*",
            "statement_id": "AllowExecutionFromAPIGateway",
            "statement_id_prefix": ""
          },
          "sensitive_attributes": [],
          "private": "bnVsbA==",
          "dependencies": [
            "aws_api_gateway_rest_api.userapi",
            "aws_iam_role.iam_for_lambda",
            "aws_lambda_function.add",
            "data.archive_file.add",
            "data.aws_iam_policy_document.assume_role"
          ]
        }
      ]
    },
    {
      "mode": "managed",
      "type": "aws_lambda_permission",
      "name": "delete_gw_permissions",
      "provider": "provider[\"registry.terraform.io/hashicorp/aws\"]",
      "instances": [
        {
          "schema_version": 0,
          "attributes": {
            "action": "lambda:InvokeFunction",
            "event_source_token": null,
            "function_name": "delete",
            "function_url_auth_type": null,
            "id": "AllowExecutionFromAPIGateway",
            "principal": "apigateway.amazonaws.com",
            "principal_org_id": null,
            "qualifier": "",
            "source_account": null,
            "source_arn": "arn:aws:execute-api:us-west-2:992382387916:6mm8pnsyfj/*",
            "statement_id": "AllowExecutionFromAPIGateway",
            "statement_id_prefix": ""
          },
          "sensitive_attributes": [],
          "private": "bnVsbA==",
          "dependencies": [
            "aws_api_gateway_rest_api.userapi",
            "aws_iam_role.iam_for_lambda",
            "aws_lambda_function.delete",
            "data.archive_file.delete",
            "data.aws_iam_policy_document.assume_role"
          ]
        }
      ]
    },
    {
      "mode": "managed",
      "type": "aws_lambda_permission",
      "name": "get_gw_permissions",
      "provider": "provider[\"registry.terraform.io/hashicorp/aws\"]",
      "instances": [
        {
          "schema_version": 0,
          "attributes": {
            "action": "lambda:InvokeFunction",
            "event_source_token": null,
            "function_name": "get",
            "function_url_auth_type": null,
            "id": "AllowExecutionFromAPIGateway",
            "principal": "apigateway.amazonaws.com",
            "principal_org_id": null,
            "qualifier": "",
            "source_account": null,
            "source_arn": "arn:aws:execute-api:us-west-2:992382387916:6mm8pnsyfj/*",
            "statement_id": "AllowExecutionFromAPIGateway",
            "statement_id_prefix": ""
          },
          "sensitive_attributes": [],
          "private": "bnVsbA==",
          "dependencies": [
            "aws_api_gateway_rest_api.userapi",
            "aws_iam_role.iam_for_lambda",
            "aws_lambda_function.get",
            "data.archive_file.get",
            "data.aws_iam_policy_document.assume_role"
          ]
        }
      ]
    },
    {
      "mode": "managed",
      "type": "aws_lambda_permission",
      "name": "update_gw_permissions",
      "provider": "provider[\"registry.terraform.io/hashicorp/aws\"]",
      "instances": [
        {
          "schema_version": 0,
          "attributes": {
            "action": "lambda:InvokeFunction",
            "event_source_token": null,
            "function_name": "update",
            "function_url_auth_type": null,
            "id": "AllowExecutionFromAPIGateway",
            "principal": "apigateway.amazonaws.com",
            "principal_org_id": null,
            "qualifier": "",
            "source_account": null,
            "source_arn": "arn:aws:execute-api:us-west-2:992382387916:6mm8pnsyfj/*",
            "statement_id": "AllowExecutionFromAPIGateway",
            "statement_id_prefix": ""
          },
          "sensitive_attributes": [],
          "private": "bnVsbA==",
          "dependencies": [
            "aws_api_gateway_rest_api.userapi",
            "aws_iam_role.iam_for_lambda",
            "aws_lambda_function.update",
            "data.archive_file.update",
            "data.aws_iam_policy_document.assume_role"
          ]
        }
      ]
    }
  ],
  "check_results": null
}
